
Microsoft Visual Studio Solution File, Format Version 12.00
# Visual Studio 15
VisualStudioVersion = 15.0.27130.2036
MinimumVisualStudioVersion = 10.0.40219.1
Project("{FAE04EC0-301F-11D3-BF4B-00C04F79EFBC}") = "FlightSummaryReport.Entities", "FlightSummaryReport.Entities\FlightSummaryReport.Entities.csproj", "{B2DCC7BA-96DE-4B6D-A62C-043289C5303D}"
EndProject
Project("{FAE04EC0-301F-11D3-BF4B-00C04F79EFBC}") = "FlightSummaryReport.Client", "FlightSummaryReport.Client\FlightSummaryReport.Client.csproj", "{6D1DDCB2-FB67-4A98-B2EA-6C8FF87FB628}"
EndProject
Project("{FAE04EC0-301F-11D3-BF4B-00C04F79EFBC}") = "FlightSummaryReport.API", "FlightSummaryReport.API\FlightSummaryReport.API.csproj", "{014A6333-06D9-4D40-9829-EBB9E07AFB62}"
EndProject
Project("{FAE04EC0-301F-11D3-BF4B-00C04F79EFBC}") = "FlightSummaryReport.Handlers", "FlightSummaryReport.Handlers\FlightSummaryReport.Handlers.csproj", "{84F3FD28-0ED6-44BD-BFCA-0EBABADF3FF8}"
EndProject
Project("{2150E333-8FDC-42A3-9474-1A3956D46DE8}") = "Tests", "Tests", "{A7B34357-953E-47EF-B248-192AE3ACBB56}"
EndProject
Project("{FAE04EC0-301F-11D3-BF4B-00C04F79EFBC}") = "FlightSummaryReport.Client.Tests", "FlightSummaryReport.Client.Tests\FlightSummaryReport.Client.Tests.csproj", "{E0991684-E5CE-45F5-91E4-E3995D2226EC}"
EndProject
Project("{FAE04EC0-301F-11D3-BF4B-00C04F79EFBC}") = "FlightSummaryReport.Handlers.Tests", "FlightSummaryReport.Handlers.Tests\FlightSummaryReport.Handlers.Tests.csproj", "{DEAE5483-964D-41B1-952A-28569631EDDD}"
EndProject
Global
	GlobalSection(SolutionConfigurationPlatforms) = preSolution
		Debug|Any CPU = Debug|Any CPU
		Release|Any CPU = Release|Any CPU
	EndGlobalSection
	GlobalSection(ProjectConfigurationPlatforms) = postSolution
		{B2DCC7BA-96DE-4B6D-A62C-043289C5303D}.Debug|Any CPU.ActiveCfg = Debug|Any CPU
		{B2DCC7BA-96DE-4B6D-A62C-043289C5303D}.Debug|Any CPU.Build.0 = Debug|Any CPU
		{B2DCC7BA-96DE-4B6D-A62C-043289C5303D}.Release|Any CPU.ActiveCfg = Release|Any CPU
		{B2DCC7BA-96DE-4B6D-A62C-043289C5303D}.Release|Any CPU.Build.0 = Release|Any CPU
		{6D1DDCB2-FB67-4A98-B2EA-6C8FF87FB628}.Debug|Any CPU.ActiveCfg = Debug|Any CPU
		{6D1DDCB2-FB67-4A98-B2EA-6C8FF87FB628}.Debug|Any CPU.Build.0 = Debug|Any CPU
		{6D1DDCB2-FB67-4A98-B2EA-6C8FF87FB628}.Release|Any CPU.ActiveCfg = Release|Any CPU
		{6D1DDCB2-FB67-4A98-B2EA-6C8FF87FB628}.Release|Any CPU.Build.0 = Release|Any CPU
		{014A6333-06D9-4D40-9829-EBB9E07AFB62}.Debug|Any CPU.ActiveCfg = Debug|Any CPU
		{014A6333-06D9-4D40-9829-EBB9E07AFB62}.Debug|Any CPU.Build.0 = Debug|Any CPU
		{014A6333-06D9-4D40-9829-EBB9E07AFB62}.Release|Any CPU.ActiveCfg = Release|Any CPU
		{014A6333-06D9-4D40-9829-EBB9E07AFB62}.Release|Any CPU.Build.0 = Release|Any CPU
		{84F3FD28-0ED6-44BD-BFCA-0EBABADF3FF8}.Debug|Any CPU.ActiveCfg = Debug|Any CPU
		{84F3FD28-0ED6-44BD-BFCA-0EBABADF3FF8}.Debug|Any CPU.Build.0 = Debug|Any CPU
		{84F3FD28-0ED6-44BD-BFCA-0EBABADF3FF8}.Release|Any CPU.ActiveCfg = Release|Any CPU
		{84F3FD28-0ED6-44BD-BFCA-0EBABADF3FF8}.Release|Any CPU.Build.0 = Release|Any CPU
		{E0991684-E5CE-45F5-91E4-E3995D2226EC}.Debug|Any CPU.ActiveCfg = Debug|Any CPU
		{E0991684-E5CE-45F5-91E4-E3995D2226EC}.Debug|Any CPU.Build.0 = Debug|Any CPU
		{E0991684-E5CE-45F5-91E4-E3995D2226EC}.Release|Any CPU.ActiveCfg = Release|Any CPU
		{E0991684-E5CE-45F5-91E4-E3995D2226EC}.Release|Any CPU.Build.0 = Release|Any CPU
		{DEAE5483-964D-41B1-952A-28569631EDDD}.Debug|Any CPU.ActiveCfg = Debug|Any CPU
		{DEAE5483-964D-41B1-952A-28569631EDDD}.Debug|Any CPU.Build.0 = Debug|Any CPU
		{DEAE5483-964D-41B1-952A-28569631EDDD}.Release|Any CPU.ActiveCfg = Release|Any CPU
		{DEAE5483-964D-41B1-952A-28569631EDDD}.Release|Any CPU.Build.0 = Release|Any CPU
	EndGlobalSection
	GlobalSection(SolutionProperties) = preSolution
		HideSolutionNode = FALSE
	EndGlobalSection
	GlobalSection(NestedProjects) = preSolution
		{E0991684-E5CE-45F5-91E4-E3995D2226EC} = {A7B34357-953E-47EF-B248-192AE3ACBB56}
		{DEAE5483-964D-41B1-952A-28569631EDDD} = {A7B34357-953E-47EF-B248-192AE3ACBB56}
	EndGlobalSection
	GlobalSection(ExtensibilityGlobals) = postSolution
		SolutionGuid = {3B4A7DCD-2BC7-4181-93A3-9330F6B376B0}
	EndGlobalSection
EndGlobal
